
Microsoft Visual Studio Solution File, Format Version 12.00
# Visual Studio Version 17
VisualStudioVersion = 17.8.34525.116
MinimumVisualStudioVersion = 10.0.40219.1
Project("{FAE04EC0-301F-11D3-BF4B-00C04F79EFBC}") = "P1-HolaMundo_V1-MHDI.Android", "P1-HolaMundo_V1-MHDI.Android\P1-HolaMundo_V1-MHDI.Android.csproj", "{3D321A83-6BBE-495B-B20D-571F0D060ACA}"
EndProject
Project("{FAE04EC0-301F-11D3-BF4B-00C04F79EFBC}") = "P1-HolaMundo_V1-MHDI.iOS", "P1-HolaMundo_V1-MHDI.iOS\P1-HolaMundo_V1-MHDI.iOS.csproj", "{73B6A90C-B854-42D7-800B-940DD8099656}"
EndProject
Project("{FAE04EC0-301F-11D3-BF4B-00C04F79EFBC}") = "P1-HolaMundo_V1-MHDI", "P1-HolaMundo_V1-MHDI\P1-HolaMundo_V1-MHDI.csproj", "{C3FAA8F9-9CD9-49F6-BC10-5EB9AC78923F}"
EndProject
Project("{FAE04EC0-301F-11D3-BF4B-00C04F79EFBC}") = "P2-HolaMundo-V2-MHDI.Android", "..\P2-HolaMundo-V2-MHDI\P2-HolaMundo-V2-MHDI.Android\P2-HolaMundo-V2-MHDI.Android.csproj", "{04113FCF-A2E0-43DD-B7D5-B1930B627A1A}"
EndProject
Project("{FAE04EC0-301F-11D3-BF4B-00C04F79EFBC}") = "P2-HolaMundo-V2-MHDI.iOS", "..\P2-HolaMundo-V2-MHDI\P2-HolaMundo-V2-MHDI.iOS\P2-HolaMundo-V2-MHDI.iOS.csproj", "{0E42DB2C-5F18-41FC-8C3E-6126A29B15F2}"
EndProject
Project("{FAE04EC0-301F-11D3-BF4B-00C04F79EFBC}") = "P2-HolaMundo-V2-MHDI", "..\P2-HolaMundo-V2-MHDI\P2-HolaMundo-V2-MHDI\P2-HolaMundo-V2-MHDI.csproj", "{56CEC1FE-32F2-4026-9BFC-D42FED8A1D5A}"
EndProject
Project("{FAE04EC0-301F-11D3-BF4B-00C04F79EFBC}") = "P3-SumaDosNumeros-MHDI.Android", "..\P3-SumaDosNumeros-MHDI\P3-SumaDosNumeros-MHDI.Android\P3-SumaDosNumeros-MHDI.Android.csproj", "{CEF2DB9A-BDE0-4029-A23A-61D2B362B904}"
EndProject
Project("{FAE04EC0-301F-11D3-BF4B-00C04F79EFBC}") = "P3-SumaDosNumeros-MHDI.iOS", "..\P3-SumaDosNumeros-MHDI\P3-SumaDosNumeros-MHDI.iOS\P3-SumaDosNumeros-MHDI.iOS.csproj", "{F61BC0E6-BA8E-4E7C-827A-81E5F5CE62E4}"
EndProject
Project("{FAE04EC0-301F-11D3-BF4B-00C04F79EFBC}") = "P3-SumaDosNumeros-MHDI", "..\P3-SumaDosNumeros-MHDI\P3-SumaDosNumeros-MHDI\P3-SumaDosNumeros-MHDI.csproj", "{FB57B180-9158-4C4F-8A47-1FA0EBA30860}"
EndProject
Project("{FAE04EC0-301F-11D3-BF4B-00C04F79EFBC}") = "P4-OperacionesBasicas-MHDI.Android", "..\P4-OperacionesBasicas-MHDI\P4-OperacionesBasicas-MHDI.Android\P4-OperacionesBasicas-MHDI.Android.csproj", "{63A446CF-1DCA-4F87-827A-06A539FBA336}"
EndProject
Project("{FAE04EC0-301F-11D3-BF4B-00C04F79EFBC}") = "P4-OperacionesBasicas-MHDI.iOS", "..\P4-OperacionesBasicas-MHDI\P4-OperacionesBasicas-MHDI.iOS\P4-OperacionesBasicas-MHDI.iOS.csproj", "{80DCFBF4-6E36-4AF2-A4D4-0FB0AF33B596}"
EndProject
Project("{FAE04EC0-301F-11D3-BF4B-00C04F79EFBC}") = "P4-OperacionesBasicas-MHDI", "..\P4-OperacionesBasicas-MHDI\P4-OperacionesBasicas-MHDI\P4-OperacionesBasicas-MHDI.csproj", "{46BAF785-91B4-442B-A864-5622C015EF4D}"
EndProject
Project("{FAE04EC0-301F-11D3-BF4B-00C04F79EFBC}") = "P5-CalcularIMC-MHDI.Android", "..\P5-CalcularIMC-MHDI\P5-CalcularIMC-MHDI.Android\P5-CalcularIMC-MHDI.Android.csproj", "{60BA1C79-F975-4CDF-85B1-63E70F4FE001}"
EndProject
Project("{FAE04EC0-301F-11D3-BF4B-00C04F79EFBC}") = "P5-CalcularIMC-MHDI.iOS", "..\P5-CalcularIMC-MHDI\P5-CalcularIMC-MHDI.iOS\P5-CalcularIMC-MHDI.iOS.csproj", "{238B7E44-A67B-4B48-AE90-B63C27BDAFE6}"
EndProject
Project("{FAE04EC0-301F-11D3-BF4B-00C04F79EFBC}") = "P5-CalcularIMC-MHDI", "..\P5-CalcularIMC-MHDI\P5-CalcularIMC-MHDI\P5-CalcularIMC-MHDI.csproj", "{2934CF36-F53D-49AD-9DB4-6DA41213D2BC}"
EndProject
Project("{FAE04EC0-301F-11D3-BF4B-00C04F79EFBC}") = "P6AlbumMHDI.Android", "..\P6AlbumMHDI\P6AlbumMHDI.Android\P6AlbumMHDI.Android.csproj", "{88B65255-AED3-42F5-9A57-AB5F3E04595F}"
EndProject
Project("{FAE04EC0-301F-11D3-BF4B-00C04F79EFBC}") = "P6AlbumMHDI.iOS", "..\P6AlbumMHDI\P6AlbumMHDI.iOS\P6AlbumMHDI.iOS.csproj", "{41C68AB6-A6BD-4F40-9A40-789CEA9C02C6}"
EndProject
Project("{FAE04EC0-301F-11D3-BF4B-00C04F79EFBC}") = "P6AlbumMHDI", "..\P6AlbumMHDI\P6AlbumMHDI\P6AlbumMHDI.csproj", "{3A010ECE-9741-4277-9FAD-9A2A01D2E219}"
EndProject
Global
	GlobalSection(SolutionConfigurationPlatforms) = preSolution
		Debug|Any CPU = Debug|Any CPU
		Debug|iPhone = Debug|iPhone
		Debug|iPhoneSimulator = Debug|iPhoneSimulator
		Release|Any CPU = Release|Any CPU
		Release|iPhone = Release|iPhone
		Release|iPhoneSimulator = Release|iPhoneSimulator
	EndGlobalSection
	GlobalSection(ProjectConfigurationPlatforms) = postSolution
		{3D321A83-6BBE-495B-B20D-571F0D060ACA}.Debug|Any CPU.ActiveCfg = Debug|Any CPU
		{3D321A83-6BBE-495B-B20D-571F0D060ACA}.Debug|Any CPU.Build.0 = Debug|Any CPU
		{3D321A83-6BBE-495B-B20D-571F0D060ACA}.Debug|Any CPU.Deploy.0 = Debug|Any CPU
		{3D321A83-6BBE-495B-B20D-571F0D060ACA}.Debug|iPhone.ActiveCfg = Debug|Any CPU
		{3D321A83-6BBE-495B-B20D-571F0D060ACA}.Debug|iPhone.Build.0 = Debug|Any CPU
		{3D321A83-6BBE-495B-B20D-571F0D060ACA}.Debug|iPhone.Deploy.0 = Debug|Any CPU
		{3D321A83-6BBE-495B-B20D-571F0D060ACA}.Debug|iPhoneSimulator.ActiveCfg = Debug|Any CPU
		{3D321A83-6BBE-495B-B20D-571F0D060ACA}.Debug|iPhoneSimulator.Build.0 = Debug|Any CPU
		{3D321A83-6BBE-495B-B20D-571F0D060ACA}.Debug|iPhoneSimulator.Deploy.0 = Debug|Any CPU
		{3D321A83-6BBE-495B-B20D-571F0D060ACA}.Release|Any CPU.ActiveCfg = Release|Any CPU
		{3D321A83-6BBE-495B-B20D-571F0D060ACA}.Release|Any CPU.Build.0 = Release|Any CPU
		{3D321A83-6BBE-495B-B20D-571F0D060ACA}.Release|Any CPU.Deploy.0 = Release|Any CPU
		{3D321A83-6BBE-495B-B20D-571F0D060ACA}.Release|iPhone.ActiveCfg = Release|Any CPU
		{3D321A83-6BBE-495B-B20D-571F0D060ACA}.Release|iPhone.Build.0 = Release|Any CPU
		{3D321A83-6BBE-495B-B20D-571F0D060ACA}.Release|iPhone.Deploy.0 = Release|Any CPU
		{3D321A83-6BBE-495B-B20D-571F0D060ACA}.Release|iPhoneSimulator.ActiveCfg = Release|Any CPU
		{3D321A83-6BBE-495B-B20D-571F0D060ACA}.Release|iPhoneSimulator.Build.0 = Release|Any CPU
		{3D321A83-6BBE-495B-B20D-571F0D060ACA}.Release|iPhoneSimulator.Deploy.0 = Release|Any CPU
		{73B6A90C-B854-42D7-800B-940DD8099656}.Debug|Any CPU.ActiveCfg = Debug|iPhone
		{73B6A90C-B854-42D7-800B-940DD8099656}.Debug|Any CPU.Build.0 = Debug|iPhone
		{73B6A90C-B854-42D7-800B-940DD8099656}.Debug|Any CPU.Deploy.0 = Debug|iPhone
		{73B6A90C-B854-42D7-800B-940DD8099656}.Debug|iPhone.ActiveCfg = Debug|iPhone
		{73B6A90C-B854-42D7-800B-940DD8099656}.Debug|iPhone.Build.0 = Debug|iPhone
		{73B6A90C-B854-42D7-800B-940DD8099656}.Debug|iPhone.Deploy.0 = Debug|iPhone
		{73B6A90C-B854-42D7-800B-940DD8099656}.Debug|iPhoneSimulator.ActiveCfg = Debug|iPhoneSimulator
		{73B6A90C-B854-42D7-800B-940DD8099656}.Debug|iPhoneSimulator.Build.0 = Debug|iPhoneSimulator
		{73B6A90C-B854-42D7-800B-940DD8099656}.Debug|iPhoneSimulator.Deploy.0 = Debug|iPhoneSimulator
		{73B6A90C-B854-42D7-800B-940DD8099656}.Release|Any CPU.ActiveCfg = Release|iPhoneSimulator
		{73B6A90C-B854-42D7-800B-940DD8099656}.Release|Any CPU.Build.0 = Release|iPhoneSimulator
		{73B6A90C-B854-42D7-800B-940DD8099656}.Release|Any CPU.Deploy.0 = Release|iPhoneSimulator
		{73B6A90C-B854-42D7-800B-940DD8099656}.Release|iPhone.ActiveCfg = Release|iPhone
		{73B6A90C-B854-42D7-800B-940DD8099656}.Release|iPhone.Build.0 = Release|iPhone
		{73B6A90C-B854-42D7-800B-940DD8099656}.Release|iPhone.Deploy.0 = Release|iPhone
		{73B6A90C-B854-42D7-800B-940DD8099656}.Release|iPhoneSimulator.ActiveCfg = Release|iPhoneSimulator
		{73B6A90C-B854-42D7-800B-940DD8099656}.Release|iPhoneSimulator.Build.0 = Release|iPhoneSimulator
		{73B6A90C-B854-42D7-800B-940DD8099656}.Release|iPhoneSimulator.Deploy.0 = Release|iPhoneSimulator
		{C3FAA8F9-9CD9-49F6-BC10-5EB9AC78923F}.Debug|Any CPU.ActiveCfg = Debug|Any CPU
		{C3FAA8F9-9CD9-49F6-BC10-5EB9AC78923F}.Debug|Any CPU.Build.0 = Debug|Any CPU
		{C3FAA8F9-9CD9-49F6-BC10-5EB9AC78923F}.Debug|Any CPU.Deploy.0 = Debug|Any CPU
		{C3FAA8F9-9CD9-49F6-BC10-5EB9AC78923F}.Debug|iPhone.ActiveCfg = Debug|Any CPU
		{C3FAA8F9-9CD9-49F6-BC10-5EB9AC78923F}.Debug|iPhone.Build.0 = Debug|Any CPU
		{C3FAA8F9-9CD9-49F6-BC10-5EB9AC78923F}.Debug|iPhone.Deploy.0 = Debug|Any CPU
		{C3FAA8F9-9CD9-49F6-BC10-5EB9AC78923F}.Debug|iPhoneSimulator.ActiveCfg = Debug|Any CPU
		{C3FAA8F9-9CD9-49F6-BC10-5EB9AC78923F}.Debug|iPhoneSimulator.Build.0 = Debug|Any CPU
		{C3FAA8F9-9CD9-49F6-BC10-5EB9AC78923F}.Debug|iPhoneSimulator.Deploy.0 = Debug|Any CPU
		{C3FAA8F9-9CD9-49F6-BC10-5EB9AC78923F}.Release|Any CPU.ActiveCfg = Release|Any CPU
		{C3FAA8F9-9CD9-49F6-BC10-5EB9AC78923F}.Release|Any CPU.Build.0 = Release|Any CPU
		{C3FAA8F9-9CD9-49F6-BC10-5EB9AC78923F}.Release|Any CPU.Deploy.0 = Release|Any CPU
		{C3FAA8F9-9CD9-49F6-BC10-5EB9AC78923F}.Release|iPhone.ActiveCfg = Release|Any CPU
		{C3FAA8F9-9CD9-49F6-BC10-5EB9AC78923F}.Release|iPhone.Build.0 = Release|Any CPU
		{C3FAA8F9-9CD9-49F6-BC10-5EB9AC78923F}.Release|iPhone.Deploy.0 = Release|Any CPU
		{C3FAA8F9-9CD9-49F6-BC10-5EB9AC78923F}.Release|iPhoneSimulator.ActiveCfg = Release|Any CPU
		{C3FAA8F9-9CD9-49F6-BC10-5EB9AC78923F}.Release|iPhoneSimulator.Build.0 = Release|Any CPU
		{C3FAA8F9-9CD9-49F6-BC10-5EB9AC78923F}.Release|iPhoneSimulator.Deploy.0 = Release|Any CPU
		{04113FCF-A2E0-43DD-B7D5-B1930B627A1A}.Debug|Any CPU.ActiveCfg = Debug|Any CPU
		{04113FCF-A2E0-43DD-B7D5-B1930B627A1A}.Debug|Any CPU.Build.0 = Debug|Any CPU
		{04113FCF-A2E0-43DD-B7D5-B1930B627A1A}.Debug|Any CPU.Deploy.0 = Debug|Any CPU
		{04113FCF-A2E0-43DD-B7D5-B1930B627A1A}.Debug|iPhone.ActiveCfg = Debug|Any CPU
		{04113FCF-A2E0-43DD-B7D5-B1930B627A1A}.Debug|iPhone.Build.0 = Debug|Any CPU
		{04113FCF-A2E0-43DD-B7D5-B1930B627A1A}.Debug|iPhone.Deploy.0 = Debug|Any CPU
		{04113FCF-A2E0-43DD-B7D5-B1930B627A1A}.Debug|iPhoneSimulator.ActiveCfg = Debug|Any CPU
		{04113FCF-A2E0-43DD-B7D5-B1930B627A1A}.Debug|iPhoneSimulator.Build.0 = Debug|Any CPU
		{04113FCF-A2E0-43DD-B7D5-B1930B627A1A}.Debug|iPhoneSimulator.Deploy.0 = Debug|Any CPU
		{04113FCF-A2E0-43DD-B7D5-B1930B627A1A}.Release|Any CPU.ActiveCfg = Release|Any CPU
		{04113FCF-A2E0-43DD-B7D5-B1930B627A1A}.Release|Any CPU.Build.0 = Release|Any CPU
		{04113FCF-A2E0-43DD-B7D5-B1930B627A1A}.Release|Any CPU.Deploy.0 = Release|Any CPU
		{04113FCF-A2E0-43DD-B7D5-B1930B627A1A}.Release|iPhone.ActiveCfg = Release|Any CPU
		{04113FCF-A2E0-43DD-B7D5-B1930B627A1A}.Release|iPhone.Build.0 = Release|Any CPU
		{04113FCF-A2E0-43DD-B7D5-B1930B627A1A}.Release|iPhone.Deploy.0 = Release|Any CPU
		{04113FCF-A2E0-43DD-B7D5-B1930B627A1A}.Release|iPhoneSimulator.ActiveCfg = Release|Any CPU
		{04113FCF-A2E0-43DD-B7D5-B1930B627A1A}.Release|iPhoneSimulator.Build.0 = Release|Any CPU
		{04113FCF-A2E0-43DD-B7D5-B1930B627A1A}.Release|iPhoneSimulator.Deploy.0 = Release|Any CPU
		{0E42DB2C-5F18-41FC-8C3E-6126A29B15F2}.Debug|Any CPU.ActiveCfg = Debug|iPhoneSimulator
		{0E42DB2C-5F18-41FC-8C3E-6126A29B15F2}.Debug|Any CPU.Build.0 = Debug|iPhoneSimulator
		{0E42DB2C-5F18-41FC-8C3E-6126A29B15F2}.Debug|iPhone.ActiveCfg = Debug|iPhone
		{0E42DB2C-5F18-41FC-8C3E-6126A29B15F2}.Debug|iPhone.Build.0 = Debug|iPhone
		{0E42DB2C-5F18-41FC-8C3E-6126A29B15F2}.Debug|iPhoneSimulator.ActiveCfg = Debug|iPhoneSimulator
		{0E42DB2C-5F18-41FC-8C3E-6126A29B15F2}.Debug|iPhoneSimulator.Build.0 = Debug|iPhoneSimulator
		{0E42DB2C-5F18-41FC-8C3E-6126A29B15F2}.Release|Any CPU.ActiveCfg = Release|iPhoneSimulator
		{0E42DB2C-5F18-41FC-8C3E-6126A29B15F2}.Release|Any CPU.Build.0 = Release|iPhoneSimulator
		{0E42DB2C-5F18-41FC-8C3E-6126A29B15F2}.Release|iPhone.ActiveCfg = Release|iPhone
		{0E42DB2C-5F18-41FC-8C3E-6126A29B15F2}.Release|iPhone.Build.0 = Release|iPhone
		{0E42DB2C-5F18-41FC-8C3E-6126A29B15F2}.Release|iPhoneSimulator.ActiveCfg = Release|iPhoneSimulator
		{0E42DB2C-5F18-41FC-8C3E-6126A29B15F2}.Release|iPhoneSimulator.Build.0 = Release|iPhoneSimulator
		{56CEC1FE-32F2-4026-9BFC-D42FED8A1D5A}.Debug|Any CPU.ActiveCfg = Debug|Any CPU
		{56CEC1FE-32F2-4026-9BFC-D42FED8A1D5A}.Debug|Any CPU.Build.0 = Debug|Any CPU
		{56CEC1FE-32F2-4026-9BFC-D42FED8A1D5A}.Debug|iPhone.ActiveCfg = Debug|Any CPU
		{56CEC1FE-32F2-4026-9BFC-D42FED8A1D5A}.Debug|iPhone.Build.0 = Debug|Any CPU
		{56CEC1FE-32F2-4026-9BFC-D42FED8A1D5A}.Debug|iPhoneSimulator.ActiveCfg = Debug|Any CPU
		{56CEC1FE-32F2-4026-9BFC-D42FED8A1D5A}.Debug|iPhoneSimulator.Build.0 = Debug|Any CPU
		{56CEC1FE-32F2-4026-9BFC-D42FED8A1D5A}.Release|Any CPU.ActiveCfg = Release|Any CPU
		{56CEC1FE-32F2-4026-9BFC-D42FED8A1D5A}.Release|Any CPU.Build.0 = Release|Any CPU
		{56CEC1FE-32F2-4026-9BFC-D42FED8A1D5A}.Release|iPhone.ActiveCfg = Release|Any CPU
		{56CEC1FE-32F2-4026-9BFC-D42FED8A1D5A}.Release|iPhone.Build.0 = Release|Any CPU
		{56CEC1FE-32F2-4026-9BFC-D42FED8A1D5A}.Release|iPhoneSimulator.ActiveCfg = Release|Any CPU
		{56CEC1FE-32F2-4026-9BFC-D42FED8A1D5A}.Release|iPhoneSimulator.Build.0 = Release|Any CPU
		{CEF2DB9A-BDE0-4029-A23A-61D2B362B904}.Debug|Any CPU.ActiveCfg = Debug|Any CPU
		{CEF2DB9A-BDE0-4029-A23A-61D2B362B904}.Debug|Any CPU.Build.0 = Debug|Any CPU
		{CEF2DB9A-BDE0-4029-A23A-61D2B362B904}.Debug|Any CPU.Deploy.0 = Debug|Any CPU
		{CEF2DB9A-BDE0-4029-A23A-61D2B362B904}.Debug|iPhone.ActiveCfg = Debug|Any CPU
		{CEF2DB9A-BDE0-4029-A23A-61D2B362B904}.Debug|iPhone.Build.0 = Debug|Any CPU
		{CEF2DB9A-BDE0-4029-A23A-61D2B362B904}.Debug|iPhone.Deploy.0 = Debug|Any CPU
		{CEF2DB9A-BDE0-4029-A23A-61D2B362B904}.Debug|iPhoneSimulator.ActiveCfg = Debug|Any CPU
		{CEF2DB9A-BDE0-4029-A23A-61D2B362B904}.Debug|iPhoneSimulator.Build.0 = Debug|Any CPU
		{CEF2DB9A-BDE0-4029-A23A-61D2B362B904}.Debug|iPhoneSimulator.Deploy.0 = Debug|Any CPU
		{CEF2DB9A-BDE0-4029-A23A-61D2B362B904}.Release|Any CPU.ActiveCfg = Release|Any CPU
		{CEF2DB9A-BDE0-4029-A23A-61D2B362B904}.Release|Any CPU.Build.0 = Release|Any CPU
		{CEF2DB9A-BDE0-4029-A23A-61D2B362B904}.Release|Any CPU.Deploy.0 = Release|Any CPU
		{CEF2DB9A-BDE0-4029-A23A-61D2B362B904}.Release|iPhone.ActiveCfg = Release|Any CPU
		{CEF2DB9A-BDE0-4029-A23A-61D2B362B904}.Release|iPhone.Build.0 = Release|Any CPU
		{CEF2DB9A-BDE0-4029-A23A-61D2B362B904}.Release|iPhone.Deploy.0 = Release|Any CPU
		{CEF2DB9A-BDE0-4029-A23A-61D2B362B904}.Release|iPhoneSimulator.ActiveCfg = Release|Any CPU
		{CEF2DB9A-BDE0-4029-A23A-61D2B362B904}.Release|iPhoneSimulator.Build.0 = Release|Any CPU
		{CEF2DB9A-BDE0-4029-A23A-61D2B362B904}.Release|iPhoneSimulator.Deploy.0 = Release|Any CPU
		{F61BC0E6-BA8E-4E7C-827A-81E5F5CE62E4}.Debug|Any CPU.ActiveCfg = Debug|iPhoneSimulator
		{F61BC0E6-BA8E-4E7C-827A-81E5F5CE62E4}.Debug|Any CPU.Build.0 = Debug|iPhoneSimulator
		{F61BC0E6-BA8E-4E7C-827A-81E5F5CE62E4}.Debug|iPhone.ActiveCfg = Debug|iPhone
		{F61BC0E6-BA8E-4E7C-827A-81E5F5CE62E4}.Debug|iPhone.Build.0 = Debug|iPhone
		{F61BC0E6-BA8E-4E7C-827A-81E5F5CE62E4}.Debug|iPhoneSimulator.ActiveCfg = Debug|iPhoneSimulator
		{F61BC0E6-BA8E-4E7C-827A-81E5F5CE62E4}.Debug|iPhoneSimulator.Build.0 = Debug|iPhoneSimulator
		{F61BC0E6-BA8E-4E7C-827A-81E5F5CE62E4}.Release|Any CPU.ActiveCfg = Release|iPhoneSimulator
		{F61BC0E6-BA8E-4E7C-827A-81E5F5CE62E4}.Release|Any CPU.Build.0 = Release|iPhoneSimulator
		{F61BC0E6-BA8E-4E7C-827A-81E5F5CE62E4}.Release|iPhone.ActiveCfg = Release|iPhone
		{F61BC0E6-BA8E-4E7C-827A-81E5F5CE62E4}.Release|iPhone.Build.0 = Release|iPhone
		{F61BC0E6-BA8E-4E7C-827A-81E5F5CE62E4}.Release|iPhoneSimulator.ActiveCfg = Release|iPhoneSimulator
		{F61BC0E6-BA8E-4E7C-827A-81E5F5CE62E4}.Release|iPhoneSimulator.Build.0 = Release|iPhoneSimulator
		{FB57B180-9158-4C4F-8A47-1FA0EBA30860}.Debug|Any CPU.ActiveCfg = Debug|Any CPU
		{FB57B180-9158-4C4F-8A47-1FA0EBA30860}.Debug|Any CPU.Build.0 = Debug|Any CPU
		{FB57B180-9158-4C4F-8A47-1FA0EBA30860}.Debug|iPhone.ActiveCfg = Debug|Any CPU
		{FB57B180-9158-4C4F-8A47-1FA0EBA30860}.Debug|iPhone.Build.0 = Debug|Any CPU
		{FB57B180-9158-4C4F-8A47-1FA0EBA30860}.Debug|iPhoneSimulator.ActiveCfg = Debug|Any CPU
		{FB57B180-9158-4C4F-8A47-1FA0EBA30860}.Debug|iPhoneSimulator.Build.0 = Debug|Any CPU
		{FB57B180-9158-4C4F-8A47-1FA0EBA30860}.Release|Any CPU.ActiveCfg = Release|Any CPU
		{FB57B180-9158-4C4F-8A47-1FA0EBA30860}.Release|Any CPU.Build.0 = Release|Any CPU
		{FB57B180-9158-4C4F-8A47-1FA0EBA30860}.Release|iPhone.ActiveCfg = Release|Any CPU
		{FB57B180-9158-4C4F-8A47-1FA0EBA30860}.Release|iPhone.Build.0 = Release|Any CPU
		{FB57B180-9158-4C4F-8A47-1FA0EBA30860}.Release|iPhoneSimulator.ActiveCfg = Release|Any CPU
		{FB57B180-9158-4C4F-8A47-1FA0EBA30860}.Release|iPhoneSimulator.Build.0 = Release|Any CPU
		{63A446CF-1DCA-4F87-827A-06A539FBA336}.Debug|Any CPU.ActiveCfg = Debug|Any CPU
		{63A446CF-1DCA-4F87-827A-06A539FBA336}.Debug|Any CPU.Build.0 = Debug|Any CPU
		{63A446CF-1DCA-4F87-827A-06A539FBA336}.Debug|Any CPU.Deploy.0 = Debug|Any CPU
		{63A446CF-1DCA-4F87-827A-06A539FBA336}.Debug|iPhone.ActiveCfg = Debug|Any CPU
		{63A446CF-1DCA-4F87-827A-06A539FBA336}.Debug|iPhone.Build.0 = Debug|Any CPU
		{63A446CF-1DCA-4F87-827A-06A539FBA336}.Debug|iPhone.Deploy.0 = Debug|Any CPU
		{63A446CF-1DCA-4F87-827A-06A539FBA336}.Debug|iPhoneSimulator.ActiveCfg = Debug|Any CPU
		{63A446CF-1DCA-4F87-827A-06A539FBA336}.Debug|iPhoneSimulator.Build.0 = Debug|Any CPU
		{63A446CF-1DCA-4F87-827A-06A539FBA336}.Debug|iPhoneSimulator.Deploy.0 = Debug|Any CPU
		{63A446CF-1DCA-4F87-827A-06A539FBA336}.Release|Any CPU.ActiveCfg = Release|Any CPU
		{63A446CF-1DCA-4F87-827A-06A539FBA336}.Release|Any CPU.Build.0 = Release|Any CPU
		{63A446CF-1DCA-4F87-827A-06A539FBA336}.Release|Any CPU.Deploy.0 = Release|Any CPU
		{63A446CF-1DCA-4F87-827A-06A539FBA336}.Release|iPhone.ActiveCfg = Release|Any CPU
		{63A446CF-1DCA-4F87-827A-06A539FBA336}.Release|iPhone.Build.0 = Release|Any CPU
		{63A446CF-1DCA-4F87-827A-06A539FBA336}.Release|iPhone.Deploy.0 = Release|Any CPU
		{63A446CF-1DCA-4F87-827A-06A539FBA336}.Release|iPhoneSimulator.ActiveCfg = Release|Any CPU
		{63A446CF-1DCA-4F87-827A-06A539FBA336}.Release|iPhoneSimulator.Build.0 = Release|Any CPU
		{63A446CF-1DCA-4F87-827A-06A539FBA336}.Release|iPhoneSimulator.Deploy.0 = Release|Any CPU
		{80DCFBF4-6E36-4AF2-A4D4-0FB0AF33B596}.Debug|Any CPU.ActiveCfg = Debug|iPhoneSimulator
		{80DCFBF4-6E36-4AF2-A4D4-0FB0AF33B596}.Debug|Any CPU.Build.0 = Debug|iPhoneSimulator
		{80DCFBF4-6E36-4AF2-A4D4-0FB0AF33B596}.Debug|iPhone.ActiveCfg = Debug|iPhone
		{80DCFBF4-6E36-4AF2-A4D4-0FB0AF33B596}.Debug|iPhone.Build.0 = Debug|iPhone
		{80DCFBF4-6E36-4AF2-A4D4-0FB0AF33B596}.Debug|iPhoneSimulator.ActiveCfg = Debug|iPhoneSimulator
		{80DCFBF4-6E36-4AF2-A4D4-0FB0AF33B596}.Debug|iPhoneSimulator.Build.0 = Debug|iPhoneSimulator
		{80DCFBF4-6E36-4AF2-A4D4-0FB0AF33B596}.Release|Any CPU.ActiveCfg = Release|iPhoneSimulator
		{80DCFBF4-6E36-4AF2-A4D4-0FB0AF33B596}.Release|Any CPU.Build.0 = Release|iPhoneSimulator
		{80DCFBF4-6E36-4AF2-A4D4-0FB0AF33B596}.Release|iPhone.ActiveCfg = Release|iPhone
		{80DCFBF4-6E36-4AF2-A4D4-0FB0AF33B596}.Release|iPhone.Build.0 = Release|iPhone
		{80DCFBF4-6E36-4AF2-A4D4-0FB0AF33B596}.Release|iPhoneSimulator.ActiveCfg = Release|iPhoneSimulator
		{80DCFBF4-6E36-4AF2-A4D4-0FB0AF33B596}.Release|iPhoneSimulator.Build.0 = Release|iPhoneSimulator
		{46BAF785-91B4-442B-A864-5622C015EF4D}.Debug|Any CPU.ActiveCfg = Debug|Any CPU
		{46BAF785-91B4-442B-A864-5622C015EF4D}.Debug|Any CPU.Build.0 = Debug|Any CPU
		{46BAF785-91B4-442B-A864-5622C015EF4D}.Debug|iPhone.ActiveCfg = Debug|Any CPU
		{46BAF785-91B4-442B-A864-5622C015EF4D}.Debug|iPhone.Build.0 = Debug|Any CPU
		{46BAF785-91B4-442B-A864-5622C015EF4D}.Debug|iPhoneSimulator.ActiveCfg = Debug|Any CPU
		{46BAF785-91B4-442B-A864-5622C015EF4D}.Debug|iPhoneSimulator.Build.0 = Debug|Any CPU
		{46BAF785-91B4-442B-A864-5622C015EF4D}.Release|Any CPU.ActiveCfg = Release|Any CPU
		{46BAF785-91B4-442B-A864-5622C015EF4D}.Release|Any CPU.Build.0 = Release|Any CPU
		{46BAF785-91B4-442B-A864-5622C015EF4D}.Release|iPhone.ActiveCfg = Release|Any CPU
		{46BAF785-91B4-442B-A864-5622C015EF4D}.Release|iPhone.Build.0 = Release|Any CPU
		{46BAF785-91B4-442B-A864-5622C015EF4D}.Release|iPhoneSimulator.ActiveCfg = Release|Any CPU
		{46BAF785-91B4-442B-A864-5622C015EF4D}.Release|iPhoneSimulator.Build.0 = Release|Any CPU
		{60BA1C79-F975-4CDF-85B1-63E70F4FE001}.Debug|Any CPU.ActiveCfg = Debug|Any CPU
		{60BA1C79-F975-4CDF-85B1-63E70F4FE001}.Debug|Any CPU.Build.0 = Debug|Any CPU
		{60BA1C79-F975-4CDF-85B1-63E70F4FE001}.Debug|Any CPU.Deploy.0 = Debug|Any CPU
		{60BA1C79-F975-4CDF-85B1-63E70F4FE001}.Debug|iPhone.ActiveCfg = Debug|Any CPU
		{60BA1C79-F975-4CDF-85B1-63E70F4FE001}.Debug|iPhone.Build.0 = Debug|Any CPU
		{60BA1C79-F975-4CDF-85B1-63E70F4FE001}.Debug|iPhone.Deploy.0 = Debug|Any CPU
		{60BA1C79-F975-4CDF-85B1-63E70F4FE001}.Debug|iPhoneSimulator.ActiveCfg = Debug|Any CPU
		{60BA1C79-F975-4CDF-85B1-63E70F4FE001}.Debug|iPhoneSimulator.Build.0 = Debug|Any CPU
		{60BA1C79-F975-4CDF-85B1-63E70F4FE001}.Debug|iPhoneSimulator.Deploy.0 = Debug|Any CPU
		{60BA1C79-F975-4CDF-85B1-63E70F4FE001}.Release|Any CPU.ActiveCfg = Release|Any CPU
		{60BA1C79-F975-4CDF-85B1-63E70F4FE001}.Release|Any CPU.Build.0 = Release|Any CPU
		{60BA1C79-F975-4CDF-85B1-63E70F4FE001}.Release|Any CPU.Deploy.0 = Release|Any CPU
		{60BA1C79-F975-4CDF-85B1-63E70F4FE001}.Release|iPhone.ActiveCfg = Release|Any CPU
		{60BA1C79-F975-4CDF-85B1-63E70F4FE001}.Release|iPhone.Build.0 = Release|Any CPU
		{60BA1C79-F975-4CDF-85B1-63E70F4FE001}.Release|iPhone.Deploy.0 = Release|Any CPU
		{60BA1C79-F975-4CDF-85B1-63E70F4FE001}.Release|iPhoneSimulator.ActiveCfg = Release|Any CPU
		{60BA1C79-F975-4CDF-85B1-63E70F4FE001}.Release|iPhoneSimulator.Build.0 = Release|Any CPU
		{60BA1C79-F975-4CDF-85B1-63E70F4FE001}.Release|iPhoneSimulator.Deploy.0 = Release|Any CPU
		{238B7E44-A67B-4B48-AE90-B63C27BDAFE6}.Debug|Any CPU.ActiveCfg = Debug|iPhoneSimulator
		{238B7E44-A67B-4B48-AE90-B63C27BDAFE6}.Debug|Any CPU.Build.0 = Debug|iPhoneSimulator
		{238B7E44-A67B-4B48-AE90-B63C27BDAFE6}.Debug|iPhone.ActiveCfg = Debug|iPhone
		{238B7E44-A67B-4B48-AE90-B63C27BDAFE6}.Debug|iPhone.Build.0 = Debug|iPhone
		{238B7E44-A67B-4B48-AE90-B63C27BDAFE6}.Debug|iPhoneSimulator.ActiveCfg = Debug|iPhoneSimulator
		{238B7E44-A67B-4B48-AE90-B63C27BDAFE6}.Debug|iPhoneSimulator.Build.0 = Debug|iPhoneSimulator
		{238B7E44-A67B-4B48-AE90-B63C27BDAFE6}.Release|Any CPU.ActiveCfg = Release|iPhoneSimulator
		{238B7E44-A67B-4B48-AE90-B63C27BDAFE6}.Release|Any CPU.Build.0 = Release|iPhoneSimulator
		{238B7E44-A67B-4B48-AE90-B63C27BDAFE6}.Release|iPhone.ActiveCfg = Release|iPhone
		{238B7E44-A67B-4B48-AE90-B63C27BDAFE6}.Release|iPhone.Build.0 = Release|iPhone
		{238B7E44-A67B-4B48-AE90-B63C27BDAFE6}.Release|iPhoneSimulator.ActiveCfg = Release|iPhoneSimulator
		{238B7E44-A67B-4B48-AE90-B63C27BDAFE6}.Release|iPhoneSimulator.Build.0 = Release|iPhoneSimulator
		{2934CF36-F53D-49AD-9DB4-6DA41213D2BC}.Debug|Any CPU.ActiveCfg = Debug|Any CPU
		{2934CF36-F53D-49AD-9DB4-6DA41213D2BC}.Debug|Any CPU.Build.0 = Debug|Any CPU
		{2934CF36-F53D-49AD-9DB4-6DA41213D2BC}.Debug|iPhone.ActiveCfg = Debug|Any CPU
		{2934CF36-F53D-49AD-9DB4-6DA41213D2BC}.Debug|iPhone.Build.0 = Debug|Any CPU
		{2934CF36-F53D-49AD-9DB4-6DA41213D2BC}.Debug|iPhoneSimulator.ActiveCfg = Debug|Any CPU
		{2934CF36-F53D-49AD-9DB4-6DA41213D2BC}.Debug|iPhoneSimulator.Build.0 = Debug|Any CPU
		{2934CF36-F53D-49AD-9DB4-6DA41213D2BC}.Release|Any CPU.ActiveCfg = Release|Any CPU
		{2934CF36-F53D-49AD-9DB4-6DA41213D2BC}.Release|Any CPU.Build.0 = Release|Any CPU
		{2934CF36-F53D-49AD-9DB4-6DA41213D2BC}.Release|iPhone.ActiveCfg = Release|Any CPU
		{2934CF36-F53D-49AD-9DB4-6DA41213D2BC}.Release|iPhone.Build.0 = Release|Any CPU
		{2934CF36-F53D-49AD-9DB4-6DA41213D2BC}.Release|iPhoneSimulator.ActiveCfg = Release|Any CPU
		{2934CF36-F53D-49AD-9DB4-6DA41213D2BC}.Release|iPhoneSimulator.Build.0 = Release|Any CPU
		{88B65255-AED3-42F5-9A57-AB5F3E04595F}.Debug|Any CPU.ActiveCfg = Debug|Any CPU
		{88B65255-AED3-42F5-9A57-AB5F3E04595F}.Debug|Any CPU.Build.0 = Debug|Any CPU
		{88B65255-AED3-42F5-9A57-AB5F3E04595F}.Debug|Any CPU.Deploy.0 = Debug|Any CPU
		{88B65255-AED3-42F5-9A57-AB5F3E04595F}.Debug|iPhone.ActiveCfg = Debug|Any CPU
		{88B65255-AED3-42F5-9A57-AB5F3E04595F}.Debug|iPhone.Build.0 = Debug|Any CPU
		{88B65255-AED3-42F5-9A57-AB5F3E04595F}.Debug|iPhone.Deploy.0 = Debug|Any CPU
		{88B65255-AED3-42F5-9A57-AB5F3E04595F}.Debug|iPhoneSimulator.ActiveCfg = Debug|Any CPU
		{88B65255-AED3-42F5-9A57-AB5F3E04595F}.Debug|iPhoneSimulator.Build.0 = Debug|Any CPU
		{88B65255-AED3-42F5-9A57-AB5F3E04595F}.Debug|iPhoneSimulator.Deploy.0 = Debug|Any CPU
		{88B65255-AED3-42F5-9A57-AB5F3E04595F}.Release|Any CPU.ActiveCfg = Release|Any CPU
		{88B65255-AED3-42F5-9A57-AB5F3E04595F}.Release|Any CPU.Build.0 = Release|Any CPU
		{88B65255-AED3-42F5-9A57-AB5F3E04595F}.Release|Any CPU.Deploy.0 = Release|Any CPU
		{88B65255-AED3-42F5-9A57-AB5F3E04595F}.Release|iPhone.ActiveCfg = Release|Any CPU
		{88B65255-AED3-42F5-9A57-AB5F3E04595F}.Release|iPhone.Build.0 = Release|Any CPU
		{88B65255-AED3-42F5-9A57-AB5F3E04595F}.Release|iPhone.Deploy.0 = Release|Any CPU
		{88B65255-AED3-42F5-9A57-AB5F3E04595F}.Release|iPhoneSimulator.ActiveCfg = Release|Any CPU
		{88B65255-AED3-42F5-9A57-AB5F3E04595F}.Release|iPhoneSimulator.Build.0 = Release|Any CPU
		{88B65255-AED3-42F5-9A57-AB5F3E04595F}.Release|iPhoneSimulator.Deploy.0 = Release|Any CPU
		{41C68AB6-A6BD-4F40-9A40-789CEA9C02C6}.Debug|Any CPU.ActiveCfg = Debug|iPhoneSimulator
		{41C68AB6-A6BD-4F40-9A40-789CEA9C02C6}.Debug|Any CPU.Build.0 = Debug|iPhoneSimulator
		{41C68AB6-A6BD-4F40-9A40-789CEA9C02C6}.Debug|iPhone.ActiveCfg = Debug|iPhone
		{41C68AB6-A6BD-4F40-9A40-789CEA9C02C6}.Debug|iPhone.Build.0 = Debug|iPhone
		{41C68AB6-A6BD-4F40-9A40-789CEA9C02C6}.Debug|iPhoneSimulator.ActiveCfg = Debug|iPhoneSimulator
		{41C68AB6-A6BD-4F40-9A40-789CEA9C02C6}.Debug|iPhoneSimulator.Build.0 = Debug|iPhoneSimulator
		{41C68AB6-A6BD-4F40-9A40-789CEA9C02C6}.Release|Any CPU.ActiveCfg = Release|iPhoneSimulator
		{41C68AB6-A6BD-4F40-9A40-789CEA9C02C6}.Release|Any CPU.Build.0 = Release|iPhoneSimulator
		{41C68AB6-A6BD-4F40-9A40-789CEA9C02C6}.Release|iPhone.ActiveCfg = Release|iPhone
		{41C68AB6-A6BD-4F40-9A40-789CEA9C02C6}.Release|iPhone.Build.0 = Release|iPhone
		{41C68AB6-A6BD-4F40-9A40-789CEA9C02C6}.Release|iPhoneSimulator.ActiveCfg = Release|iPhoneSimulator
		{41C68AB6-A6BD-4F40-9A40-789CEA9C02C6}.Release|iPhoneSimulator.Build.0 = Release|iPhoneSimulator
		{3A010ECE-9741-4277-9FAD-9A2A01D2E219}.Debug|Any CPU.ActiveCfg = Debug|Any CPU
		{3A010ECE-9741-4277-9FAD-9A2A01D2E219}.Debug|Any CPU.Build.0 = Debug|Any CPU
		{3A010ECE-9741-4277-9FAD-9A2A01D2E219}.Debug|iPhone.ActiveCfg = Debug|Any CPU
		{3A010ECE-9741-4277-9FAD-9A2A01D2E219}.Debug|iPhone.Build.0 = Debug|Any CPU
		{3A010ECE-9741-4277-9FAD-9A2A01D2E219}.Debug|iPhoneSimulator.ActiveCfg = Debug|Any CPU
		{3A010ECE-9741-4277-9FAD-9A2A01D2E219}.Debug|iPhoneSimulator.Build.0 = Debug|Any CPU
		{3A010ECE-9741-4277-9FAD-9A2A01D2E219}.Release|Any CPU.ActiveCfg = Release|Any CPU
		{3A010ECE-9741-4277-9FAD-9A2A01D2E219}.Release|Any CPU.Build.0 = Release|Any CPU
		{3A010ECE-9741-4277-9FAD-9A2A01D2E219}.Release|iPhone.ActiveCfg = Release|Any CPU
		{3A010ECE-9741-4277-9FAD-9A2A01D2E219}.Release|iPhone.Build.0 = Release|Any CPU
		{3A010ECE-9741-4277-9FAD-9A2A01D2E219}.Release|iPhoneSimulator.ActiveCfg = Release|Any CPU
		{3A010ECE-9741-4277-9FAD-9A2A01D2E219}.Release|iPhoneSimulator.Build.0 = Release|Any CPU
	EndGlobalSection
	GlobalSection(SolutionProperties) = preSolution
		HideSolutionNode = FALSE
	EndGlobalSection
	GlobalSection(ExtensibilityGlobals) = postSolution
		SolutionGuid = {CE963364-AF7B-4515-811D-8799007765F6}
	EndGlobalSection
EndGlobal
